{
  "lockfileVersion": 1,
  "workspaces": {
    "": {
      "dependencies": {
        "mobx-utils": "^6.1.1",
      },
    },
  },
  "packages": {
    "mobx": ["mobx@6.13.7", "", {}, "sha512-aChaVU/DO5aRPmk1GX8L+whocagUUpBQqoPtJk+cm7UOXUk87J4PeWCh6nNmTTIfEhiR9DI/+FnA8dln/hTK7g=="],

    "mobx-utils": ["mobx-utils@6.1.1", "", { "peerDependencies": { "mobx": "^6.0.0" } }, "sha512-ZR4tOKucWAHOdMjqElRl2BEvrzK7duuDdKmsbEbt2kzgVpuLuoYLiDCjc3QwWQl8CmOlxPgaZQpZ7emwNqPkIg=="],
  }
}
